
Microsoft Visual Studio Solution File, Format Version 12.00
# Visual Studio Version 16
VisualStudioVersion = 16.0.29209.62
MinimumVisualStudioVersion = 10.0.40219.1
Project("{FAE04EC0-301F-11D3-BF4B-00C04F79EFBC}") = "ASPBestBuy", "ASPBestBuy\ASPBestBuy.csproj", "{A8973965-F2A3-45C9-B1EE-AA6020817421}"
EndProject
Global
	GlobalSection(SolutionConfigurationPlatforms) = preSolution
		Debug|Any CPU = Debug|Any CPU
		Release|Any CPU = Release|Any CPU
	EndGlobalSection
	GlobalSection(ProjectConfigurationPlatforms) = postSolution
		{A8973965-F2A3-45C9-B1EE-AA6020817421}.Debug|Any CPU.ActiveCfg = Debug|Any CPU
		{A8973965-F2A3-45C9-B1EE-AA6020817421}.Debug|Any CPU.Build.0 = Debug|Any CPU
		{A8973965-F2A3-45C9-B1EE-AA6020817421}.Release|Any CPU.ActiveCfg = Release|Any CPU
		{A8973965-F2A3-45C9-B1EE-AA6020817421}.Release|Any CPU.Build.0 = Release|Any CPU
	EndGlobalSection
	GlobalSection(SolutionProperties) = preSolution
		HideSolutionNode = FALSE
	EndGlobalSection
	GlobalSection(ExtensibilityGlobals) = postSolution
		SolutionGuid = {85783691-47C7-4BA3-B137-37D9D405A3C6}
	EndGlobalSection
EndGlobal
